<?xml version="1.0" encoding="utf-8"?>
<Project ToolsVersion="4.0" xmlns="http://schemas.microsoft.com/developer/msbuild/2003">
  <ItemGroup>
    <Filter Include="Core">
      <UniqueIdentifier>{F26FDB87-BA48-D555-9064-0F32EDA3DB07}</UniqueIdentifier>
    </Filter>
    <Filter Include="Core\Framework">
      <UniqueIdentifier>{7ED1987A-3793-2F55-8B10-4AD90162235D}</UniqueIdentifier>
    </Filter>
    <Filter Include="Foundation">
      <UniqueIdentifier>{A4A83530-50D5-470E-A149-A9D685A8913E}</UniqueIdentifier>
    </Filter>
    <Filter Include="Foundation\Error">
      <UniqueIdentifier>{405A0858-A254-42DE-A95F-B0E1F34DB5D1}</UniqueIdentifier>
    </Filter>
    <Filter Include="Foundation\Logging">
      <UniqueIdentifier>{F122FF6A-A565-469B-A8FB-0EEAFB35CF69}</UniqueIdentifier>
    </Filter>
    <Filter Include="Foundation\Utility">
      <UniqueIdentifier>{BF33C201-0781-4B3C-B697-E4B90147B94C}</UniqueIdentifier>
    </Filter>
    <Filter Include="Platform">
      <UniqueIdentifier>{43451E4B-3B5E-477D-965B-D4F4C916F604}</UniqueIdentifier>
    </Filter>
    <Filter Include="Platform\Window">
      <UniqueIdentifier>{4B9C4C0E-1971-4FA4-B641-779AD68A6499}</UniqueIdentifier>
    </Filter>
    <Filter Include="Graphics">
      <UniqueIdentifier>{A3EE165F-EA9A-4C4D-A26D-E5F4DB3F9D31}</UniqueIdentifier>
    </Filter>
    <Filter Include="Graphics\Device">
      <UniqueIdentifier>{16C7001D-D76C-46D3-96D4-6C25FF3028B8}</UniqueIdentifier>
    </Filter>
	<Filter Include="Graphics\Core">
	  <UniqueIdentifier>{A337E626-4484-4D73-9373-98C5E43F44E0}</UniqueIdentifier>
	</Filter>
	<Filter Include="Graphics\Presentation">
	  <UniqueIdentifier>{27F193FB-5019-4519-BF48-24618A888FB4}</UniqueIdentifier>
	</Filter>
	<Filter Include="Graphics\Renderer">
	  <UniqueIdentifier>{2E467F7E-89FC-4B24-8B7A-A425FB09B76F}</UniqueIdentifier>
	</Filter>
	<Filter Include="Graphics\Descriptor"><UniqueIdentifier>{EF42E9DD-8CD9-4514-AE43-1824C789DD47}</UniqueIdentifier></Filter>
	<Filter Include="Graphics\Shader"><UniqueIdentifier>{E1E18133-767B-43E3-AE52-0D78591DF1D3}</UniqueIdentifier></Filter>
	<Filter Include="Graphics\Pipeline"><UniqueIdentifier>{87724307-2EB4-4B7F-8F84-970DB1766502}</UniqueIdentifier></Filter>
	<Filter Include="Graphics\Resource"><UniqueIdentifier>{AAB88A42-A2F1-40BB-B067-F138C98F9F34}</UniqueIdentifier></Filter>
	<Filter Include="Shaders"><UniqueIdentifier>{2FBFA148-BB51-458B-8BB7-F3653048B0D8}</UniqueIdentifier></Filter>
	<Filter Include="Shaders\Primitive"><UniqueIdentifier>{2EFA5561-F631-4B3E-AFFF-D3127A42D98A}</UniqueIdentifier></Filter>
	<Filter Include="Docs"><UniqueIdentifier>{87093688-17A1-4293-94B3-F10A9592125B}</UniqueIdentifier></Filter>
  </ItemGroup>
  <ItemGroup>
    <ClCompile Include="main.cpp" />
    <ClCompile Include="Core\Framework\NexusFramework.cpp">
      <Filter>Core\Framework</Filter>
    </ClCompile>
    <ClCompile Include="Foundation\Error\Error.cpp">
      <Filter>Foundation\Error</Filter>
    </ClCompile>
    <ClCompile Include="Foundation\Logging\ConsoleLogSink.cpp">
      <Filter>Foundation\Logging</Filter>
    </ClCompile>
    <ClCompile Include="Foundation\Logging\DebugOutputLogSink.cpp">
      <Filter>Foundation\Logging</Filter>
    </ClCompile>
    <ClCompile Include="Foundation\Logging\Logger.cpp">
      <Filter>Foundation\Logging</Filter>
    </ClCompile>
    <ClCompile Include="Foundation\Logging\LogTextFormatter.cpp">
      <Filter>Foundation\Logging</Filter>
    </ClCompile>
    <ClCompile Include="Foundation\Utility\String\ConvertString.cpp">
      <Filter>Foundation\Utility</Filter>
    </ClCompile>
    <ClCompile Include="Platform\Window\ProjectWindow.cpp">
      <Filter>Platform\Window</Filter>
    </ClCompile>
    <ClCompile Include="Graphics\Device\GraphicsAdapterSelector.cpp">
      <Filter>Graphics\Device</Filter>
    </ClCompile>
    <ClCompile Include="Graphics\Device\GraphicsDebugConfigurator.cpp">
      <Filter>Graphics\Device</Filter>
    </ClCompile>
    <ClCompile Include="Graphics\Device\GraphicsDevice.cpp">
      <Filter>Graphics\Device</Filter>
    </ClCompile>
	<ClCompile Include="Graphics\Core\CommandQueue.cpp">
	  <Filter>Graphics\Core</Filter>
	</ClCompile>
	<ClCompile Include="Graphics\Presentation\SwapChain.cpp">
	  <Filter>Graphics\Presentation</Filter>
	</ClCompile>
	<ClCompile Include="Graphics\Renderer\GraphicsSystem.cpp">
	  <Filter>Graphics\Renderer</Filter>
	</ClCompile>
	<ClCompile Include="Graphics\Renderer\PrimitiveRenderer.cpp"><Filter>Graphics\Renderer</Filter></ClCompile>
	<ClCompile Include="Graphics\Descriptor\DescriptorAllocator.cpp"><Filter>Graphics\Descriptor</Filter></ClCompile>
	<ClCompile Include="Graphics\Descriptor\BindlessDescriptorTable.cpp"><Filter>Graphics\Descriptor</Filter></ClCompile>
	<ClCompile Include="Graphics\Shader\Shader.cpp"><Filter>Graphics\Shader</Filter></ClCompile>
	<ClCompile Include="Graphics\Shader\ShaderCompiler.cpp"><Filter>Graphics\Shader</Filter></ClCompile>
	<ClCompile Include="Graphics\Shader\ShaderReflector.cpp"><Filter>Graphics\Shader</Filter></ClCompile>
	<ClCompile Include="Graphics\Pipeline\PipelineLayout.cpp"><Filter>Graphics\Pipeline</Filter></ClCompile>
	<ClCompile Include="Graphics\Pipeline\RootSignature.cpp"><Filter>Graphics\Pipeline</Filter></ClCompile>
	<ClCompile Include="Graphics\Pipeline\GraphicsPipeline.cpp"><Filter>Graphics\Pipeline</Filter></ClCompile>
	<ClCompile Include="Graphics\Resource\VertexBuffer.cpp"><Filter>Graphics\Resource</Filter></ClCompile>
  </ItemGroup>
  <ItemGroup>
    <ClInclude Include="Core\Environment.h">
      <Filter>Core</Filter>
    </ClInclude>
    <ClInclude Include="Core\Framework\NexusFramework.h">
      <Filter>Core\Framework</Filter>
    </ClInclude>
    <ClInclude Include="Foundation\Error\Error.h">
      <Filter>Foundation\Error</Filter>
    </ClInclude>
    <ClInclude Include="Foundation\Error\Result.h">
      <Filter>Foundation\Error</Filter>
    </ClInclude>
    <ClInclude Include="Foundation\Logging\ConsoleLogSink.h">
      <Filter>Foundation\Logging</Filter>
    </ClInclude>
    <ClInclude Include="Foundation\Logging\DebugOutputLogSink.h">
      <Filter>Foundation\Logging</Filter>
    </ClInclude>
    <ClInclude Include="Foundation\Logging\ILogSink.h">
      <Filter>Foundation\Logging</Filter>
    </ClInclude>
    <ClInclude Include="Foundation\Logging\Logger.h">
      <Filter>Foundation\Logging</Filter>
    </ClInclude>
    <ClInclude Include="Foundation\Logging\LogRecord.h">
      <Filter>Foundation\Logging</Filter>
    </ClInclude>
    <ClInclude Include="Foundation\Logging\LogTextFormatter.h">
      <Filter>Foundation\Logging</Filter>
    </ClInclude>
    <ClInclude Include="Foundation\Utility\String\ConvertString.h">
      <Filter>Foundation\Utility</Filter>
    </ClInclude>
    <ClInclude Include="Platform\Window\ProjectWindow.h">
      <Filter>Platform\Window</Filter>
    </ClInclude>
    <ClInclude Include="Platform\Window\WindowDetails.h">
      <Filter>Platform\Window</Filter>
    </ClInclude>
    <ClInclude Include="Graphics\Device\GraphicsAdapterSelector.h">
      <Filter>Graphics\Device</Filter>
    </ClInclude>
    <ClInclude Include="Graphics\Device\GraphicsDebugConfigurator.h">
      <Filter>Graphics\Device</Filter>
    </ClInclude>
    <ClInclude Include="Graphics\Device\GraphicsDevice.h">
      <Filter>Graphics\Device</Filter>
    </ClInclude>
    <ClInclude Include="Graphics\Device\GraphicsDeviceDesc.h">
      <Filter>Graphics\Device</Filter>
    </ClInclude>
	<ClInclude Include="Graphics\Core\CommandQueue.h">
	  <Filter>Graphics\Core</Filter>
	</ClInclude>
	<ClInclude Include="Graphics\Presentation\SwapChain.h">
	  <Filter>Graphics\Presentation</Filter>
	</ClInclude>
	<ClInclude Include="Graphics\Renderer\GraphicsSystem.h">
	  <Filter>Graphics\Renderer</Filter>
	</ClInclude>
	<ClInclude Include="Graphics\Renderer\GraphicsSystemDesc.h">
	  <Filter>Graphics\Renderer</Filter>
	</ClInclude>
	<ClInclude Include="Graphics\Renderer\PrimitiveRenderer.h"><Filter>Graphics\Renderer</Filter></ClInclude>
	<ClInclude Include="Graphics\Descriptor\DescriptorAllocator.h"><Filter>Graphics\Descriptor</Filter></ClInclude>
	<ClInclude Include="Graphics\Descriptor\BindlessDescriptorTable.h"><Filter>Graphics\Descriptor</Filter></ClInclude>
	<ClInclude Include="Graphics\Descriptor\ShaderResourceRef.h"><Filter>Graphics\Descriptor</Filter></ClInclude>
	<ClInclude Include="Graphics\Shader\Shader.h"><Filter>Graphics\Shader</Filter></ClInclude>
	<ClInclude Include="Graphics\Shader\ShaderCompiler.h"><Filter>Graphics\Shader</Filter></ClInclude>
	<ClInclude Include="Graphics\Shader\ShaderReflector.h"><Filter>Graphics\Shader</Filter></ClInclude>
	<ClInclude Include="Graphics\Shader\ShaderTypes.h"><Filter>Graphics\Shader</Filter></ClInclude>
	<ClInclude Include="Graphics\Pipeline\PipelineLayout.h"><Filter>Graphics\Pipeline</Filter></ClInclude>
	<ClInclude Include="Graphics\Pipeline\RootSignature.h"><Filter>Graphics\Pipeline</Filter></ClInclude>
	<ClInclude Include="Graphics\Pipeline\GraphicsPipeline.h"><Filter>Graphics\Pipeline</Filter></ClInclude>
	<ClInclude Include="Graphics\Resource\VertexBuffer.h"><Filter>Graphics\Resource</Filter></ClInclude>
  </ItemGroup>
  <ItemGroup>
	<None Include="Docs\GraphicsREADME.md"><Filter>Docs</Filter></None>
	<None Include="Shaders\Primitive\Primitive.VS.hlsl"><Filter>Shaders\Primitive</Filter></None>
	<None Include="Shaders\Primitive\Primitive.PS.hlsl"><Filter>Shaders\Primitive</Filter></None>
	<None Include="Shaders\Common\Bindless.hlsli"><Filter>Shaders</Filter></None>
    <None Include="Agent\AGENT.md" />
  </ItemGroup>
</Project>
